PODS:
  - GoogleMaps (8.3.0):
    - GoogleMaps/Maps (= 8.3.0)
  - GoogleMaps/Base (8.3.0)
  - GoogleMaps/Maps (8.3.0):
    - GoogleMaps/Base

DEPENDENCIES:
  - GoogleMaps

SPEC REPOS:
  trunk:
    - GoogleMaps

SPEC CHECKSUMS:
  GoogleMaps: 54762190c9741867d03e4e4218672ab5a0a8096b

PODFILE CHECKSUM: 884f04c3602757c367dd6a8bf48239b3c559e64e

COCOAPODS: 1.14.2
